
Microsoft Visual Studio Solution File, Format Version 12.00
# Visual Studio Version 17
VisualStudioVersion = 17.2.32630.192
MinimumVisualStudioVersion = 10.0.40219.1
Project("{8BC9CEB8-8B4A-11D0-8D11-00A0C91BC942}") = "Family_Financial_Management_System", "Family_Financial_Management_System\Family_Financial_Management_System.vcxproj", "{B0BF6538-E359-4C82-A97C-A4DD99571487}"
EndProject
Global
	GlobalSection(SolutionConfigurationPlatforms) = preSolution
		Debug|x64 = Debug|x64
		Debug|x86 = Debug|x86
		Release|x64 = Release|x64
		Release|x86 = Release|x86
	EndGlobalSection
	GlobalSection(ProjectConfigurationPlatforms) = postSolution
		{B0BF6538-E359-4C82-A97C-A4DD99571487}.Debug|x64.ActiveCfg = Debug|x64
		{B0BF6538-E359-4C82-A97C-A4DD99571487}.Debug|x64.Build.0 = Debug|x64
		{B0BF6538-E359-4C82-A97C-A4DD99571487}.Debug|x86.ActiveCfg = Debug|Win32
		{B0BF6538-E359-4C82-A97C-A4DD99571487}.Debug|x86.Build.0 = Debug|Win32
		{B0BF6538-E359-4C82-A97C-A4DD99571487}.Release|x64.ActiveCfg = Release|x64
		{B0BF6538-E359-4C82-A97C-A4DD99571487}.Release|x64.Build.0 = Release|x64
		{B0BF6538-E359-4C82-A97C-A4DD99571487}.Release|x86.ActiveCfg = Release|Win32
		{B0BF6538-E359-4C82-A97C-A4DD99571487}.Release|x86.Build.0 = Release|Win32
	EndGlobalSection
	GlobalSection(SolutionProperties) = preSolution
		HideSolutionNode = FALSE
	EndGlobalSection
	GlobalSection(ExtensibilityGlobals) = postSolution
		SolutionGuid = {9386C268-2A5A-44BE-8824-B75E89A06B16}
	EndGlobalSection
EndGlobal
